
Microsoft Visual Studio Solution File, Format Version 12.00
# Visual Studio Version 16
VisualStudioVersion = 16.6.30114.105
MinimumVisualStudioVersion = 10.0.40219.1
Project("{9A19103F-16F7-4668-BE54-9A1E7A4F7556}") = "kr.bbon.Azure.Translator.Services", "src\kr.bbon.Azure.Translator.Services\kr.bbon.Azure.Translator.Services.csproj", "{DD5424AA-21CF-40DF-83D9-6F57A0E60F1A}"
EndProject
Global
	GlobalSection(SolutionConfigurationPlatforms) = preSolution
		Debug|Any CPU = Debug|Any CPU
		Debug|x64 = Debug|x64
		Debug|x86 = Debug|x86
		Release|Any CPU = Release|Any CPU
		Release|x64 = Release|x64
		Release|x86 = Release|x86
	EndGlobalSection
	GlobalSection(ProjectConfigurationPlatforms) = postSolution
		{DD5424AA-21CF-40DF-83D9-6F57A0E60F1A}.Debug|Any CPU.ActiveCfg = Debug|Any CPU
		{DD5424AA-21CF-40DF-83D9-6F57A0E60F1A}.Debug|Any CPU.Build.0 = Debug|Any CPU
		{DD5424AA-21CF-40DF-83D9-6F57A0E60F1A}.Debug|x64.ActiveCfg = Debug|Any CPU
		{DD5424AA-21CF-40DF-83D9-6F57A0E60F1A}.Debug|x64.Build.0 = Debug|Any CPU
		{DD5424AA-21CF-40DF-83D9-6F57A0E60F1A}.Debug|x86.ActiveCfg = Debug|Any CPU
		{DD5424AA-21CF-40DF-83D9-6F57A0E60F1A}.Debug|x86.Build.0 = Debug|Any CPU
		{DD5424AA-21CF-40DF-83D9-6F57A0E60F1A}.Release|Any CPU.ActiveCfg = Release|Any CPU
		{DD5424AA-21CF-40DF-83D9-6F57A0E60F1A}.Release|Any CPU.Build.0 = Release|Any CPU
		{DD5424AA-21CF-40DF-83D9-6F57A0E60F1A}.Release|x64.ActiveCfg = Release|Any CPU
		{DD5424AA-21CF-40DF-83D9-6F57A0E60F1A}.Release|x64.Build.0 = Release|Any CPU
		{DD5424AA-21CF-40DF-83D9-6F57A0E60F1A}.Release|x86.ActiveCfg = Release|Any CPU
		{DD5424AA-21CF-40DF-83D9-6F57A0E60F1A}.Release|x86.Build.0 = Release|Any CPU
	EndGlobalSection
	GlobalSection(SolutionProperties) = preSolution
		HideSolutionNode = FALSE
	EndGlobalSection
	GlobalSection(ExtensibilityGlobals) = postSolution
		SolutionGuid = {AD87D0DC-5633-41D3-B851-73147649B3C6}
	EndGlobalSection
EndGlobal
